
Microsoft Visual Studio Solution File, Format Version 11.00
# Visual Studio 2010
Project("{FAE04EC0-301F-11D3-BF4B-00C04F79EFBC}") = "HttpMessageBus.DLL.Client.Common", "HttpMessageBus.DLL.Client.Common\HttpMessageBus.DLL.Client.Common.csproj", "{7D767BC5-60D5-4F2D-8788-5F2F396E7787}"
EndProject
Project("{FAE04EC0-301F-11D3-BF4B-00C04F79EFBC}") = "HttpMessageBus.DLL.Client.XamarinAndroid", "HttpMessageBus.DLL.Client.XamarinAndroid\HttpMessageBus.DLL.Client.XamarinAndroid.csproj", "{950039CE-143F-428B-AA6E-52758B16D98E}"
EndProject
Project("{FAE04EC0-301F-11D3-BF4B-00C04F79EFBC}") = "HttpMessageBus.EXE.Client.GTKSharp", "HttpMessageBus.EXE.Client.GTKSharp\HttpMessageBus.EXE.Client.GTKSharp.csproj", "{AAAC62D7-645D-4FC5-BFF5-73CDEF7DEC35}"
EndProject
Project("{FAE04EC0-301F-11D3-BF4B-00C04F79EFBC}") = "HttpMessageBus.EXE.Client.WPF", "HttpMessageBus.EXE.Client.WPF\HttpMessageBus.EXE.Client.WPF.csproj", "{030E548D-4B23-4C5B-B1E0-8A86B7CC7054}"
EndProject
Project("{FAE04EC0-301F-11D3-BF4B-00C04F79EFBC}") = "HttpMessageBus.EXE.Client.WF", "HttpMessageBus.EXE.Client.WF\HttpMessageBus.EXE.Client.WF.csproj", "{A5D860E7-6DF6-4BDF-A2AB-6246A0F6F81A}"
EndProject
Project("{FAE04EC0-301F-11D3-BF4B-00C04F79EFBC}") = "HttpMessageBus.DLL.Server.Common", "HttpMessageBus.DLL.Server.Common\HttpMessageBus.DLL.Server.Common.csproj", "{474274E0-A169-41AC-A47F-CC5749EB43BD}"
EndProject
Project("{FAE04EC0-301F-11D3-BF4B-00C04F79EFBC}") = "HttpMessageBus.EXE.Client.XamariniOS", "HttpMessageBus.EXE.Client.XamariniOS\HttpMessageBus.EXE.Client.XamariniOS.csproj", "{8D668015-87EC-45D7-90D7-51560780845A}"
EndProject
Project("{FAE04EC0-301F-11D3-BF4B-00C04F79EFBC}") = "HttpMessageBus.EXE.Client.MonoMac", "HttpMessageBus.EXE.Client.MonoMac\HttpMessageBus.EXE.Client.MonoMac.csproj", "{DA7337A7-1ABC-40AC-AE42-97B18B856502}"
EndProject
Project("{FAE04EC0-301F-11D3-BF4B-00C04F79EFBC}") = "HttpMessageBus.DLL.Client.XamariniOS", "HttpMessageBus.DLL.Client.XamariniOS\HttpMessageBus.DLL.Client.XamariniOS.csproj", "{D721476A-18F6-4514-AEA2-F2055AAEBB97}"
EndProject
Project("{FAE04EC0-301F-11D3-BF4B-00C04F79EFBC}") = "HttpMessageBus.EXE.Server.Console", "HttpMessageBus.EXE.Server.Console\HttpMessageBus.EXE.Server.Console.csproj", "{EAD8DE53-451E-41B3-8C6A-B1A5B74DE3DF}"
EndProject
Project("{FAE04EC0-301F-11D3-BF4B-00C04F79EFBC}") = "HttpMessageBus.EXE.Client.XamarinAndroid", "HttpMessageBus.EXE.Client.XamarinAndroid\HttpMessageBus.EXE.Client.XamarinAndroid.csproj", "{E92AB5C9-02E1-4703-A3CC-9265F4203D0D}"
EndProject
Project("{FAE04EC0-301F-11D3-BF4B-00C04F79EFBC}") = "HttpMessageBus.EXE.Client.XamarinAndroid.VS", "HttpMessageBus.EXE.Client.XamarinAndroid.VS\HttpMessageBus.EXE.Client.XamarinAndroid.VS.csproj", "{41B2683F-55F0-4CF6-B0A9-3D997DA8B241}"
EndProject
Global
	GlobalSection(SolutionConfigurationPlatforms) = preSolution
		Ad-Hoc|Any CPU = Ad-Hoc|Any CPU
		Ad-Hoc|iPhone = Ad-Hoc|iPhone
		Ad-Hoc|iPhoneSimulator = Ad-Hoc|iPhoneSimulator
		Ad-Hoc|Mixed Platforms = Ad-Hoc|Mixed Platforms
		Ad-Hoc|x86 = Ad-Hoc|x86
		AppStore|Any CPU = AppStore|Any CPU
		AppStore|iPhone = AppStore|iPhone
		AppStore|iPhoneSimulator = AppStore|iPhoneSimulator
		AppStore|Mixed Platforms = AppStore|Mixed Platforms
		AppStore|x86 = AppStore|x86
		Debug|Any CPU = Debug|Any CPU
		Debug|iPhone = Debug|iPhone
		Debug|iPhoneSimulator = Debug|iPhoneSimulator
		Debug|Mixed Platforms = Debug|Mixed Platforms
		Debug|x86 = Debug|x86
		Release|Any CPU = Release|Any CPU
		Release|iPhone = Release|iPhone
		Release|iPhoneSimulator = Release|iPhoneSimulator
		Release|Mixed Platforms = Release|Mixed Platforms
		Release|x86 = Release|x86
	EndGlobalSection
	GlobalSection(ProjectConfigurationPlatforms) = postSolution
		{030E548D-4B23-4C5B-B1E0-8A86B7CC7054}.Ad-Hoc|Any CPU.ActiveCfg = Release|x86
		{030E548D-4B23-4C5B-B1E0-8A86B7CC7054}.Ad-Hoc|iPhone.ActiveCfg = Release|x86
		{030E548D-4B23-4C5B-B1E0-8A86B7CC7054}.Ad-Hoc|iPhoneSimulator.ActiveCfg = Release|x86
		{030E548D-4B23-4C5B-B1E0-8A86B7CC7054}.Ad-Hoc|Mixed Platforms.ActiveCfg = Release|x86
		{030E548D-4B23-4C5B-B1E0-8A86B7CC7054}.Ad-Hoc|x86.ActiveCfg = Release|x86
		{030E548D-4B23-4C5B-B1E0-8A86B7CC7054}.AppStore|Any CPU.ActiveCfg = Release|x86
		{030E548D-4B23-4C5B-B1E0-8A86B7CC7054}.AppStore|iPhone.ActiveCfg = Release|x86
		{030E548D-4B23-4C5B-B1E0-8A86B7CC7054}.AppStore|iPhoneSimulator.ActiveCfg = Release|x86
		{030E548D-4B23-4C5B-B1E0-8A86B7CC7054}.AppStore|Mixed Platforms.ActiveCfg = Release|x86
		{030E548D-4B23-4C5B-B1E0-8A86B7CC7054}.AppStore|x86.ActiveCfg = Release|x86
		{030E548D-4B23-4C5B-B1E0-8A86B7CC7054}.Debug|Any CPU.ActiveCfg = Debug|x86
		{030E548D-4B23-4C5B-B1E0-8A86B7CC7054}.Debug|iPhone.ActiveCfg = Debug|x86
		{030E548D-4B23-4C5B-B1E0-8A86B7CC7054}.Debug|iPhoneSimulator.ActiveCfg = Debug|x86
		{030E548D-4B23-4C5B-B1E0-8A86B7CC7054}.Debug|Mixed Platforms.ActiveCfg = Debug|x86
		{030E548D-4B23-4C5B-B1E0-8A86B7CC7054}.Debug|Mixed Platforms.Build.0 = Debug|x86
		{030E548D-4B23-4C5B-B1E0-8A86B7CC7054}.Debug|x86.ActiveCfg = Debug|x86
		{030E548D-4B23-4C5B-B1E0-8A86B7CC7054}.Debug|x86.Build.0 = Debug|x86
		{030E548D-4B23-4C5B-B1E0-8A86B7CC7054}.Release|Any CPU.ActiveCfg = Release|x86
		{030E548D-4B23-4C5B-B1E0-8A86B7CC7054}.Release|iPhone.ActiveCfg = Release|x86
		{030E548D-4B23-4C5B-B1E0-8A86B7CC7054}.Release|iPhoneSimulator.ActiveCfg = Release|x86
		{030E548D-4B23-4C5B-B1E0-8A86B7CC7054}.Release|Mixed Platforms.ActiveCfg = Release|x86
		{030E548D-4B23-4C5B-B1E0-8A86B7CC7054}.Release|Mixed Platforms.Build.0 = Release|x86
		{030E548D-4B23-4C5B-B1E0-8A86B7CC7054}.Release|x86.ActiveCfg = Release|x86
		{030E548D-4B23-4C5B-B1E0-8A86B7CC7054}.Release|x86.Build.0 = Release|x86
		{41B2683F-55F0-4CF6-B0A9-3D997DA8B241}.Ad-Hoc|Any CPU.ActiveCfg = Release|Any CPU
		{41B2683F-55F0-4CF6-B0A9-3D997DA8B241}.Ad-Hoc|Any CPU.Build.0 = Release|Any CPU
		{41B2683F-55F0-4CF6-B0A9-3D997DA8B241}.Ad-Hoc|Any CPU.Deploy.0 = Release|Any CPU
		{41B2683F-55F0-4CF6-B0A9-3D997DA8B241}.Ad-Hoc|iPhone.ActiveCfg = Release|Any CPU
		{41B2683F-55F0-4CF6-B0A9-3D997DA8B241}.Ad-Hoc|iPhoneSimulator.ActiveCfg = Release|Any CPU
		{41B2683F-55F0-4CF6-B0A9-3D997DA8B241}.Ad-Hoc|Mixed Platforms.ActiveCfg = Release|Any CPU
		{41B2683F-55F0-4CF6-B0A9-3D997DA8B241}.Ad-Hoc|Mixed Platforms.Build.0 = Release|Any CPU
		{41B2683F-55F0-4CF6-B0A9-3D997DA8B241}.Ad-Hoc|Mixed Platforms.Deploy.0 = Release|Any CPU
		{41B2683F-55F0-4CF6-B0A9-3D997DA8B241}.Ad-Hoc|x86.ActiveCfg = Release|Any CPU
		{41B2683F-55F0-4CF6-B0A9-3D997DA8B241}.AppStore|Any CPU.ActiveCfg = Release|Any CPU
		{41B2683F-55F0-4CF6-B0A9-3D997DA8B241}.AppStore|Any CPU.Build.0 = Release|Any CPU
		{41B2683F-55F0-4CF6-B0A9-3D997DA8B241}.AppStore|Any CPU.Deploy.0 = Release|Any CPU
		{41B2683F-55F0-4CF6-B0A9-3D997DA8B241}.AppStore|iPhone.ActiveCfg = Release|Any CPU
		{41B2683F-55F0-4CF6-B0A9-3D997DA8B241}.AppStore|iPhoneSimulator.ActiveCfg = Release|Any CPU
		{41B2683F-55F0-4CF6-B0A9-3D997DA8B241}.AppStore|Mixed Platforms.ActiveCfg = Release|Any CPU
		{41B2683F-55F0-4CF6-B0A9-3D997DA8B241}.AppStore|Mixed Platforms.Build.0 = Release|Any CPU
		{41B2683F-55F0-4CF6-B0A9-3D997DA8B241}.AppStore|Mixed Platforms.Deploy.0 = Release|Any CPU
		{41B2683F-55F0-4CF6-B0A9-3D997DA8B241}.AppStore|x86.ActiveCfg = Release|Any CPU
		{41B2683F-55F0-4CF6-B0A9-3D997DA8B241}.Debug|Any CPU.ActiveCfg = Debug|Any CPU
		{41B2683F-55F0-4CF6-B0A9-3D997DA8B241}.Debug|Any CPU.Build.0 = Debug|Any CPU
		{41B2683F-55F0-4CF6-B0A9-3D997DA8B241}.Debug|Any CPU.Deploy.0 = Debug|Any CPU
		{41B2683F-55F0-4CF6-B0A9-3D997DA8B241}.Debug|iPhone.ActiveCfg = Debug|Any CPU
		{41B2683F-55F0-4CF6-B0A9-3D997DA8B241}.Debug|iPhoneSimulator.ActiveCfg = Debug|Any CPU
		{41B2683F-55F0-4CF6-B0A9-3D997DA8B241}.Debug|Mixed Platforms.ActiveCfg = Debug|Any CPU
		{41B2683F-55F0-4CF6-B0A9-3D997DA8B241}.Debug|Mixed Platforms.Build.0 = Debug|Any CPU
		{41B2683F-55F0-4CF6-B0A9-3D997DA8B241}.Debug|Mixed Platforms.Deploy.0 = Debug|Any CPU
		{41B2683F-55F0-4CF6-B0A9-3D997DA8B241}.Debug|x86.ActiveCfg = Debug|Any CPU
		{41B2683F-55F0-4CF6-B0A9-3D997DA8B241}.Release|Any CPU.ActiveCfg = Release|Any CPU
		{41B2683F-55F0-4CF6-B0A9-3D997DA8B241}.Release|Any CPU.Build.0 = Release|Any CPU
		{41B2683F-55F0-4CF6-B0A9-3D997DA8B241}.Release|Any CPU.Deploy.0 = Release|Any CPU
		{41B2683F-55F0-4CF6-B0A9-3D997DA8B241}.Release|iPhone.ActiveCfg = Release|Any CPU
		{41B2683F-55F0-4CF6-B0A9-3D997DA8B241}.Release|iPhoneSimulator.ActiveCfg = Release|Any CPU
		{41B2683F-55F0-4CF6-B0A9-3D997DA8B241}.Release|Mixed Platforms.ActiveCfg = Release|Any CPU
		{41B2683F-55F0-4CF6-B0A9-3D997DA8B241}.Release|Mixed Platforms.Build.0 = Release|Any CPU
		{41B2683F-55F0-4CF6-B0A9-3D997DA8B241}.Release|Mixed Platforms.Deploy.0 = Release|Any CPU
		{41B2683F-55F0-4CF6-B0A9-3D997DA8B241}.Release|x86.ActiveCfg = Release|Any CPU
		{474274E0-A169-41AC-A47F-CC5749EB43BD}.Ad-Hoc|Any CPU.ActiveCfg = Release|Any CPU
		{474274E0-A169-41AC-A47F-CC5749EB43BD}.Ad-Hoc|iPhone.ActiveCfg = Debug|Any CPU
		{474274E0-A169-41AC-A47F-CC5749EB43BD}.Ad-Hoc|iPhone.Build.0 = Debug|Any CPU
		{474274E0-A169-41AC-A47F-CC5749EB43BD}.Ad-Hoc|iPhoneSimulator.ActiveCfg = Release|Any CPU
		{474274E0-A169-41AC-A47F-CC5749EB43BD}.Ad-Hoc|Mixed Platforms.ActiveCfg = Release|Any CPU
		{474274E0-A169-41AC-A47F-CC5749EB43BD}.Ad-Hoc|x86.ActiveCfg = Release|Any CPU
		{474274E0-A169-41AC-A47F-CC5749EB43BD}.AppStore|Any CPU.ActiveCfg = Release|Any CPU
		{474274E0-A169-41AC-A47F-CC5749EB43BD}.AppStore|iPhone.ActiveCfg = Debug|Any CPU
		{474274E0-A169-41AC-A47F-CC5749EB43BD}.AppStore|iPhone.Build.0 = Debug|Any CPU
		{474274E0-A169-41AC-A47F-CC5749EB43BD}.AppStore|iPhoneSimulator.ActiveCfg = Release|Any CPU
		{474274E0-A169-41AC-A47F-CC5749EB43BD}.AppStore|Mixed Platforms.ActiveCfg = Release|Any CPU
		{474274E0-A169-41AC-A47F-CC5749EB43BD}.AppStore|x86.ActiveCfg = Release|Any CPU
		{474274E0-A169-41AC-A47F-CC5749EB43BD}.Debug|Any CPU.ActiveCfg = Debug|Any CPU
		{474274E0-A169-41AC-A47F-CC5749EB43BD}.Debug|Any CPU.Build.0 = Debug|Any CPU
		{474274E0-A169-41AC-A47F-CC5749EB43BD}.Debug|iPhone.ActiveCfg = Debug|Any CPU
		{474274E0-A169-41AC-A47F-CC5749EB43BD}.Debug|iPhone.Build.0 = Debug|Any CPU
		{474274E0-A169-41AC-A47F-CC5749EB43BD}.Debug|iPhoneSimulator.ActiveCfg = Debug|Any CPU
		{474274E0-A169-41AC-A47F-CC5749EB43BD}.Debug|iPhoneSimulator.Build.0 = Debug|Any CPU
		{474274E0-A169-41AC-A47F-CC5749EB43BD}.Debug|Mixed Platforms.ActiveCfg = Debug|Any CPU
		{474274E0-A169-41AC-A47F-CC5749EB43BD}.Debug|Mixed Platforms.Build.0 = Debug|Any CPU
		{474274E0-A169-41AC-A47F-CC5749EB43BD}.Debug|x86.ActiveCfg = Debug|Any CPU
		{474274E0-A169-41AC-A47F-CC5749EB43BD}.Release|Any CPU.ActiveCfg = Release|Any CPU
		{474274E0-A169-41AC-A47F-CC5749EB43BD}.Release|Any CPU.Build.0 = Release|Any CPU
		{474274E0-A169-41AC-A47F-CC5749EB43BD}.Release|iPhone.ActiveCfg = Release|Any CPU
		{474274E0-A169-41AC-A47F-CC5749EB43BD}.Release|iPhone.Build.0 = Release|Any CPU
		{474274E0-A169-41AC-A47F-CC5749EB43BD}.Release|iPhoneSimulator.ActiveCfg = Release|Any CPU
		{474274E0-A169-41AC-A47F-CC5749EB43BD}.Release|iPhoneSimulator.Build.0 = Release|Any CPU
		{474274E0-A169-41AC-A47F-CC5749EB43BD}.Release|Mixed Platforms.ActiveCfg = Release|Any CPU
		{474274E0-A169-41AC-A47F-CC5749EB43BD}.Release|Mixed Platforms.Build.0 = Release|Any CPU
		{474274E0-A169-41AC-A47F-CC5749EB43BD}.Release|x86.ActiveCfg = Release|Any CPU
		{7D767BC5-60D5-4F2D-8788-5F2F396E7787}.Ad-Hoc|Any CPU.ActiveCfg = Release|Any CPU
		{7D767BC5-60D5-4F2D-8788-5F2F396E7787}.Ad-Hoc|iPhone.ActiveCfg = Debug|Any CPU
		{7D767BC5-60D5-4F2D-8788-5F2F396E7787}.Ad-Hoc|iPhone.Build.0 = Debug|Any CPU
		{7D767BC5-60D5-4F2D-8788-5F2F396E7787}.Ad-Hoc|iPhoneSimulator.ActiveCfg = Release|Any CPU
		{7D767BC5-60D5-4F2D-8788-5F2F396E7787}.Ad-Hoc|Mixed Platforms.ActiveCfg = Release|Any CPU
		{7D767BC5-60D5-4F2D-8788-5F2F396E7787}.Ad-Hoc|x86.ActiveCfg = Release|Any CPU
		{7D767BC5-60D5-4F2D-8788-5F2F396E7787}.AppStore|Any CPU.ActiveCfg = Release|Any CPU
		{7D767BC5-60D5-4F2D-8788-5F2F396E7787}.AppStore|iPhone.ActiveCfg = Debug|Any CPU
		{7D767BC5-60D5-4F2D-8788-5F2F396E7787}.AppStore|iPhone.Build.0 = Debug|Any CPU
		{7D767BC5-60D5-4F2D-8788-5F2F396E7787}.AppStore|iPhoneSimulator.ActiveCfg = Release|Any CPU
		{7D767BC5-60D5-4F2D-8788-5F2F396E7787}.AppStore|Mixed Platforms.ActiveCfg = Release|Any CPU
		{7D767BC5-60D5-4F2D-8788-5F2F396E7787}.AppStore|x86.ActiveCfg = Release|Any CPU
		{7D767BC5-60D5-4F2D-8788-5F2F396E7787}.Debug|Any CPU.ActiveCfg = Debug|Any CPU
		{7D767BC5-60D5-4F2D-8788-5F2F396E7787}.Debug|Any CPU.Build.0 = Debug|Any CPU
		{7D767BC5-60D5-4F2D-8788-5F2F396E7787}.Debug|iPhone.ActiveCfg = Debug|Any CPU
		{7D767BC5-60D5-4F2D-8788-5F2F396E7787}.Debug|iPhone.Build.0 = Debug|Any CPU
		{7D767BC5-60D5-4F2D-8788-5F2F396E7787}.Debug|iPhoneSimulator.ActiveCfg = Debug|Any CPU
		{7D767BC5-60D5-4F2D-8788-5F2F396E7787}.Debug|iPhoneSimulator.Build.0 = Debug|Any CPU
		{7D767BC5-60D5-4F2D-8788-5F2F396E7787}.Debug|Mixed Platforms.ActiveCfg = Debug|Any CPU
		{7D767BC5-60D5-4F2D-8788-5F2F396E7787}.Debug|Mixed Platforms.Build.0 = Debug|Any CPU
		{7D767BC5-60D5-4F2D-8788-5F2F396E7787}.Debug|x86.ActiveCfg = Debug|Any CPU
		{7D767BC5-60D5-4F2D-8788-5F2F396E7787}.Release|Any CPU.ActiveCfg = Release|Any CPU
		{7D767BC5-60D5-4F2D-8788-5F2F396E7787}.Release|Any CPU.Build.0 = Release|Any CPU
		{7D767BC5-60D5-4F2D-8788-5F2F396E7787}.Release|iPhone.ActiveCfg = Release|Any CPU
		{7D767BC5-60D5-4F2D-8788-5F2F396E7787}.Release|iPhone.Build.0 = Release|Any CPU
		{7D767BC5-60D5-4F2D-8788-5F2F396E7787}.Release|iPhoneSimulator.ActiveCfg = Release|Any CPU
		{7D767BC5-60D5-4F2D-8788-5F2F396E7787}.Release|iPhoneSimulator.Build.0 = Release|Any CPU
		{7D767BC5-60D5-4F2D-8788-5F2F396E7787}.Release|Mixed Platforms.ActiveCfg = Release|Any CPU
		{7D767BC5-60D5-4F2D-8788-5F2F396E7787}.Release|Mixed Platforms.Build.0 = Release|Any CPU
		{7D767BC5-60D5-4F2D-8788-5F2F396E7787}.Release|x86.ActiveCfg = Release|Any CPU
		{8D668015-87EC-45D7-90D7-51560780845A}.Ad-Hoc|Any CPU.ActiveCfg = Ad-Hoc|iPhone
		{8D668015-87EC-45D7-90D7-51560780845A}.Ad-Hoc|iPhone.ActiveCfg = Ad-Hoc|iPhone
		{8D668015-87EC-45D7-90D7-51560780845A}.Ad-Hoc|iPhone.Build.0 = Ad-Hoc|iPhone
		{8D668015-87EC-45D7-90D7-51560780845A}.Ad-Hoc|iPhoneSimulator.ActiveCfg = Ad-Hoc|iPhoneSimulator
		{8D668015-87EC-45D7-90D7-51560780845A}.Ad-Hoc|Mixed Platforms.ActiveCfg = Ad-Hoc|iPhone
		{8D668015-87EC-45D7-90D7-51560780845A}.Ad-Hoc|x86.ActiveCfg = Ad-Hoc|iPhone
		{8D668015-87EC-45D7-90D7-51560780845A}.AppStore|Any CPU.ActiveCfg = AppStore|iPhone
		{8D668015-87EC-45D7-90D7-51560780845A}.AppStore|iPhone.ActiveCfg = AppStore|iPhone
		{8D668015-87EC-45D7-90D7-51560780845A}.AppStore|iPhone.Build.0 = AppStore|iPhone
		{8D668015-87EC-45D7-90D7-51560780845A}.AppStore|iPhoneSimulator.ActiveCfg = AppStore|iPhoneSimulator
		{8D668015-87EC-45D7-90D7-51560780845A}.AppStore|Mixed Platforms.ActiveCfg = AppStore|iPhone
		{8D668015-87EC-45D7-90D7-51560780845A}.AppStore|x86.ActiveCfg = AppStore|iPhone
		{8D668015-87EC-45D7-90D7-51560780845A}.Debug|Any CPU.ActiveCfg = Debug|iPhoneSimulator
		{8D668015-87EC-45D7-90D7-51560780845A}.Debug|Any CPU.Build.0 = Debug|iPhoneSimulator
		{8D668015-87EC-45D7-90D7-51560780845A}.Debug|iPhone.ActiveCfg = Debug|iPhone
		{8D668015-87EC-45D7-90D7-51560780845A}.Debug|iPhone.Build.0 = Debug|iPhone
		{8D668015-87EC-45D7-90D7-51560780845A}.Debug|iPhoneSimulator.ActiveCfg = Debug|iPhoneSimulator
		{8D668015-87EC-45D7-90D7-51560780845A}.Debug|iPhoneSimulator.Build.0 = Debug|iPhoneSimulator
		{8D668015-87EC-45D7-90D7-51560780845A}.Debug|Mixed Platforms.ActiveCfg = Debug|iPhoneSimulator
		{8D668015-87EC-45D7-90D7-51560780845A}.Debug|Mixed Platforms.Build.0 = Debug|iPhoneSimulator
		{8D668015-87EC-45D7-90D7-51560780845A}.Debug|x86.ActiveCfg = Debug|iPhoneSimulator
		{8D668015-87EC-45D7-90D7-51560780845A}.Debug|x86.Build.0 = Debug|iPhoneSimulator
		{8D668015-87EC-45D7-90D7-51560780845A}.Release|Any CPU.ActiveCfg = Release|iPhoneSimulator
		{8D668015-87EC-45D7-90D7-51560780845A}.Release|Any CPU.Build.0 = Release|iPhoneSimulator
		{8D668015-87EC-45D7-90D7-51560780845A}.Release|iPhone.ActiveCfg = Release|iPhone
		{8D668015-87EC-45D7-90D7-51560780845A}.Release|iPhone.Build.0 = Release|iPhone
		{8D668015-87EC-45D7-90D7-51560780845A}.Release|iPhoneSimulator.ActiveCfg = Release|iPhoneSimulator
		{8D668015-87EC-45D7-90D7-51560780845A}.Release|iPhoneSimulator.Build.0 = Release|iPhoneSimulator
		{8D668015-87EC-45D7-90D7-51560780845A}.Release|Mixed Platforms.ActiveCfg = Release|iPhoneSimulator
		{8D668015-87EC-45D7-90D7-51560780845A}.Release|Mixed Platforms.Build.0 = Release|iPhoneSimulator
		{8D668015-87EC-45D7-90D7-51560780845A}.Release|x86.ActiveCfg = Release|iPhoneSimulator
		{8D668015-87EC-45D7-90D7-51560780845A}.Release|x86.Build.0 = Release|iPhoneSimulator
		{950039CE-143F-428B-AA6E-52758B16D98E}.Ad-Hoc|Any CPU.ActiveCfg = Release|Any CPU
		{950039CE-143F-428B-AA6E-52758B16D98E}.Ad-Hoc|iPhone.ActiveCfg = Debug|Any CPU
		{950039CE-143F-428B-AA6E-52758B16D98E}.Ad-Hoc|iPhone.Build.0 = Debug|Any CPU
		{950039CE-143F-428B-AA6E-52758B16D98E}.Ad-Hoc|iPhoneSimulator.ActiveCfg = Release|Any CPU
		{950039CE-143F-428B-AA6E-52758B16D98E}.Ad-Hoc|Mixed Platforms.ActiveCfg = Release|Any CPU
		{950039CE-143F-428B-AA6E-52758B16D98E}.Ad-Hoc|x86.ActiveCfg = Release|Any CPU
		{950039CE-143F-428B-AA6E-52758B16D98E}.AppStore|Any CPU.ActiveCfg = Release|Any CPU
		{950039CE-143F-428B-AA6E-52758B16D98E}.AppStore|iPhone.ActiveCfg = Debug|Any CPU
		{950039CE-143F-428B-AA6E-52758B16D98E}.AppStore|iPhone.Build.0 = Debug|Any CPU
		{950039CE-143F-428B-AA6E-52758B16D98E}.AppStore|iPhoneSimulator.ActiveCfg = Release|Any CPU
		{950039CE-143F-428B-AA6E-52758B16D98E}.AppStore|Mixed Platforms.ActiveCfg = Release|Any CPU
		{950039CE-143F-428B-AA6E-52758B16D98E}.AppStore|x86.ActiveCfg = Release|Any CPU
		{950039CE-143F-428B-AA6E-52758B16D98E}.Debug|Any CPU.ActiveCfg = Debug|Any CPU
		{950039CE-143F-428B-AA6E-52758B16D98E}.Debug|Any CPU.Build.0 = Debug|Any CPU
		{950039CE-143F-428B-AA6E-52758B16D98E}.Debug|iPhone.ActiveCfg = Debug|Any CPU
		{950039CE-143F-428B-AA6E-52758B16D98E}.Debug|iPhone.Build.0 = Debug|Any CPU
		{950039CE-143F-428B-AA6E-52758B16D98E}.Debug|iPhoneSimulator.ActiveCfg = Debug|Any CPU
		{950039CE-143F-428B-AA6E-52758B16D98E}.Debug|iPhoneSimulator.Build.0 = Debug|Any CPU
		{950039CE-143F-428B-AA6E-52758B16D98E}.Debug|Mixed Platforms.ActiveCfg = Debug|Any CPU
		{950039CE-143F-428B-AA6E-52758B16D98E}.Debug|Mixed Platforms.Build.0 = Debug|Any CPU
		{950039CE-143F-428B-AA6E-52758B16D98E}.Debug|x86.ActiveCfg = Debug|Any CPU
		{950039CE-143F-428B-AA6E-52758B16D98E}.Release|Any CPU.ActiveCfg = Release|Any CPU
		{950039CE-143F-428B-AA6E-52758B16D98E}.Release|Any CPU.Build.0 = Release|Any CPU
		{950039CE-143F-428B-AA6E-52758B16D98E}.Release|iPhone.ActiveCfg = Release|Any CPU
		{950039CE-143F-428B-AA6E-52758B16D98E}.Release|iPhone.Build.0 = Release|Any CPU
		{950039CE-143F-428B-AA6E-52758B16D98E}.Release|iPhoneSimulator.ActiveCfg = Release|Any CPU
		{950039CE-143F-428B-AA6E-52758B16D98E}.Release|iPhoneSimulator.Build.0 = Release|Any CPU
		{950039CE-143F-428B-AA6E-52758B16D98E}.Release|Mixed Platforms.ActiveCfg = Release|Any CPU
		{950039CE-143F-428B-AA6E-52758B16D98E}.Release|Mixed Platforms.Build.0 = Release|Any CPU
		{950039CE-143F-428B-AA6E-52758B16D98E}.Release|x86.ActiveCfg = Release|Any CPU
		{A5D860E7-6DF6-4BDF-A2AB-6246A0F6F81A}.Ad-Hoc|Any CPU.ActiveCfg = Release|x86
		{A5D860E7-6DF6-4BDF-A2AB-6246A0F6F81A}.Ad-Hoc|iPhone.ActiveCfg = Debug|x86
		{A5D860E7-6DF6-4BDF-A2AB-6246A0F6F81A}.Ad-Hoc|iPhone.Build.0 = Debug|x86
		{A5D860E7-6DF6-4BDF-A2AB-6246A0F6F81A}.Ad-Hoc|iPhoneSimulator.ActiveCfg = Release|x86
		{A5D860E7-6DF6-4BDF-A2AB-6246A0F6F81A}.Ad-Hoc|Mixed Platforms.ActiveCfg = Release|x86
		{A5D860E7-6DF6-4BDF-A2AB-6246A0F6F81A}.Ad-Hoc|x86.ActiveCfg = Release|x86
		{A5D860E7-6DF6-4BDF-A2AB-6246A0F6F81A}.AppStore|Any CPU.ActiveCfg = Release|x86
		{A5D860E7-6DF6-4BDF-A2AB-6246A0F6F81A}.AppStore|iPhone.ActiveCfg = Debug|x86
		{A5D860E7-6DF6-4BDF-A2AB-6246A0F6F81A}.AppStore|iPhone.Build.0 = Debug|x86
		{A5D860E7-6DF6-4BDF-A2AB-6246A0F6F81A}.AppStore|iPhoneSimulator.ActiveCfg = Release|x86
		{A5D860E7-6DF6-4BDF-A2AB-6246A0F6F81A}.AppStore|Mixed Platforms.ActiveCfg = Release|x86
		{A5D860E7-6DF6-4BDF-A2AB-6246A0F6F81A}.AppStore|x86.ActiveCfg = Release|x86
		{A5D860E7-6DF6-4BDF-A2AB-6246A0F6F81A}.Debug|Any CPU.ActiveCfg = Debug|x86
		{A5D860E7-6DF6-4BDF-A2AB-6246A0F6F81A}.Debug|iPhone.ActiveCfg = Debug|x86
		{A5D860E7-6DF6-4BDF-A2AB-6246A0F6F81A}.Debug|iPhone.Build.0 = Debug|x86
		{A5D860E7-6DF6-4BDF-A2AB-6246A0F6F81A}.Debug|iPhoneSimulator.ActiveCfg = Debug|x86
		{A5D860E7-6DF6-4BDF-A2AB-6246A0F6F81A}.Debug|iPhoneSimulator.Build.0 = Debug|x86
		{A5D860E7-6DF6-4BDF-A2AB-6246A0F6F81A}.Debug|Mixed Platforms.ActiveCfg = Debug|x86
		{A5D860E7-6DF6-4BDF-A2AB-6246A0F6F81A}.Debug|Mixed Platforms.Build.0 = Debug|x86
		{A5D860E7-6DF6-4BDF-A2AB-6246A0F6F81A}.Debug|x86.ActiveCfg = Debug|x86
		{A5D860E7-6DF6-4BDF-A2AB-6246A0F6F81A}.Debug|x86.Build.0 = Debug|x86
		{A5D860E7-6DF6-4BDF-A2AB-6246A0F6F81A}.Release|Any CPU.ActiveCfg = Release|x86
		{A5D860E7-6DF6-4BDF-A2AB-6246A0F6F81A}.Release|iPhone.ActiveCfg = Release|x86
		{A5D860E7-6DF6-4BDF-A2AB-6246A0F6F81A}.Release|iPhone.Build.0 = Release|x86
		{A5D860E7-6DF6-4BDF-A2AB-6246A0F6F81A}.Release|iPhoneSimulator.ActiveCfg = Release|x86
		{A5D860E7-6DF6-4BDF-A2AB-6246A0F6F81A}.Release|iPhoneSimulator.Build.0 = Release|x86
		{A5D860E7-6DF6-4BDF-A2AB-6246A0F6F81A}.Release|Mixed Platforms.ActiveCfg = Release|x86
		{A5D860E7-6DF6-4BDF-A2AB-6246A0F6F81A}.Release|Mixed Platforms.Build.0 = Release|x86
		{A5D860E7-6DF6-4BDF-A2AB-6246A0F6F81A}.Release|x86.ActiveCfg = Release|x86
		{A5D860E7-6DF6-4BDF-A2AB-6246A0F6F81A}.Release|x86.Build.0 = Release|x86
		{AAAC62D7-645D-4FC5-BFF5-73CDEF7DEC35}.Ad-Hoc|Any CPU.ActiveCfg = Release|Any CPU
		{AAAC62D7-645D-4FC5-BFF5-73CDEF7DEC35}.Ad-Hoc|iPhone.ActiveCfg = Debug|Any CPU
		{AAAC62D7-645D-4FC5-BFF5-73CDEF7DEC35}.Ad-Hoc|iPhone.Build.0 = Debug|Any CPU
		{AAAC62D7-645D-4FC5-BFF5-73CDEF7DEC35}.Ad-Hoc|iPhoneSimulator.ActiveCfg = Release|Any CPU
		{AAAC62D7-645D-4FC5-BFF5-73CDEF7DEC35}.Ad-Hoc|Mixed Platforms.ActiveCfg = Release|Any CPU
		{AAAC62D7-645D-4FC5-BFF5-73CDEF7DEC35}.Ad-Hoc|x86.ActiveCfg = Release|Any CPU
		{AAAC62D7-645D-4FC5-BFF5-73CDEF7DEC35}.AppStore|Any CPU.ActiveCfg = Release|Any CPU
		{AAAC62D7-645D-4FC5-BFF5-73CDEF7DEC35}.AppStore|iPhone.ActiveCfg = Debug|Any CPU
		{AAAC62D7-645D-4FC5-BFF5-73CDEF7DEC35}.AppStore|iPhone.Build.0 = Debug|Any CPU
		{AAAC62D7-645D-4FC5-BFF5-73CDEF7DEC35}.AppStore|iPhoneSimulator.ActiveCfg = Release|Any CPU
		{AAAC62D7-645D-4FC5-BFF5-73CDEF7DEC35}.AppStore|Mixed Platforms.ActiveCfg = Release|Any CPU
		{AAAC62D7-645D-4FC5-BFF5-73CDEF7DEC35}.AppStore|x86.ActiveCfg = Release|Any CPU
		{AAAC62D7-645D-4FC5-BFF5-73CDEF7DEC35}.Debug|Any CPU.ActiveCfg = Debug|Any CPU
		{AAAC62D7-645D-4FC5-BFF5-73CDEF7DEC35}.Debug|Any CPU.Build.0 = Debug|Any CPU
		{AAAC62D7-645D-4FC5-BFF5-73CDEF7DEC35}.Debug|iPhone.ActiveCfg = Debug|Any CPU
		{AAAC62D7-645D-4FC5-BFF5-73CDEF7DEC35}.Debug|iPhone.Build.0 = Debug|Any CPU
		{AAAC62D7-645D-4FC5-BFF5-73CDEF7DEC35}.Debug|iPhoneSimulator.ActiveCfg = Debug|Any CPU
		{AAAC62D7-645D-4FC5-BFF5-73CDEF7DEC35}.Debug|iPhoneSimulator.Build.0 = Debug|Any CPU
		{AAAC62D7-645D-4FC5-BFF5-73CDEF7DEC35}.Debug|Mixed Platforms.ActiveCfg = Debug|Any CPU
		{AAAC62D7-645D-4FC5-BFF5-73CDEF7DEC35}.Debug|Mixed Platforms.Build.0 = Debug|Any CPU
		{AAAC62D7-645D-4FC5-BFF5-73CDEF7DEC35}.Debug|x86.ActiveCfg = Debug|Any CPU
		{AAAC62D7-645D-4FC5-BFF5-73CDEF7DEC35}.Release|Any CPU.ActiveCfg = Release|Any CPU
		{AAAC62D7-645D-4FC5-BFF5-73CDEF7DEC35}.Release|Any CPU.Build.0 = Release|Any CPU
		{AAAC62D7-645D-4FC5-BFF5-73CDEF7DEC35}.Release|iPhone.ActiveCfg = Release|Any CPU
		{AAAC62D7-645D-4FC5-BFF5-73CDEF7DEC35}.Release|iPhone.Build.0 = Release|Any CPU
		{AAAC62D7-645D-4FC5-BFF5-73CDEF7DEC35}.Release|iPhoneSimulator.ActiveCfg = Release|Any CPU
		{AAAC62D7-645D-4FC5-BFF5-73CDEF7DEC35}.Release|iPhoneSimulator.Build.0 = Release|Any CPU
		{AAAC62D7-645D-4FC5-BFF5-73CDEF7DEC35}.Release|Mixed Platforms.ActiveCfg = Release|Any CPU
		{AAAC62D7-645D-4FC5-BFF5-73CDEF7DEC35}.Release|Mixed Platforms.Build.0 = Release|Any CPU
		{AAAC62D7-645D-4FC5-BFF5-73CDEF7DEC35}.Release|x86.ActiveCfg = Release|Any CPU
		{D721476A-18F6-4514-AEA2-F2055AAEBB97}.Ad-Hoc|Any CPU.ActiveCfg = Release|Any CPU
		{D721476A-18F6-4514-AEA2-F2055AAEBB97}.Ad-Hoc|iPhone.ActiveCfg = Debug|Any CPU
		{D721476A-18F6-4514-AEA2-F2055AAEBB97}.Ad-Hoc|iPhone.Build.0 = Debug|Any CPU
		{D721476A-18F6-4514-AEA2-F2055AAEBB97}.Ad-Hoc|iPhoneSimulator.ActiveCfg = Release|Any CPU
		{D721476A-18F6-4514-AEA2-F2055AAEBB97}.Ad-Hoc|Mixed Platforms.ActiveCfg = Release|Any CPU
		{D721476A-18F6-4514-AEA2-F2055AAEBB97}.Ad-Hoc|x86.ActiveCfg = Release|Any CPU
		{D721476A-18F6-4514-AEA2-F2055AAEBB97}.AppStore|Any CPU.ActiveCfg = Release|Any CPU
		{D721476A-18F6-4514-AEA2-F2055AAEBB97}.AppStore|iPhone.ActiveCfg = Debug|Any CPU
		{D721476A-18F6-4514-AEA2-F2055AAEBB97}.AppStore|iPhone.Build.0 = Debug|Any CPU
		{D721476A-18F6-4514-AEA2-F2055AAEBB97}.AppStore|iPhoneSimulator.ActiveCfg = Release|Any CPU
		{D721476A-18F6-4514-AEA2-F2055AAEBB97}.AppStore|Mixed Platforms.ActiveCfg = Release|Any CPU
		{D721476A-18F6-4514-AEA2-F2055AAEBB97}.AppStore|x86.ActiveCfg = Release|Any CPU
		{D721476A-18F6-4514-AEA2-F2055AAEBB97}.Debug|Any CPU.ActiveCfg = Debug|Any CPU
		{D721476A-18F6-4514-AEA2-F2055AAEBB97}.Debug|Any CPU.Build.0 = Debug|Any CPU
		{D721476A-18F6-4514-AEA2-F2055AAEBB97}.Debug|iPhone.ActiveCfg = Debug|Any CPU
		{D721476A-18F6-4514-AEA2-F2055AAEBB97}.Debug|iPhone.Build.0 = Debug|Any CPU
		{D721476A-18F6-4514-AEA2-F2055AAEBB97}.Debug|iPhoneSimulator.ActiveCfg = Debug|Any CPU
		{D721476A-18F6-4514-AEA2-F2055AAEBB97}.Debug|iPhoneSimulator.Build.0 = Debug|Any CPU
		{D721476A-18F6-4514-AEA2-F2055AAEBB97}.Debug|Mixed Platforms.ActiveCfg = Debug|Any CPU
		{D721476A-18F6-4514-AEA2-F2055AAEBB97}.Debug|Mixed Platforms.Build.0 = Debug|Any CPU
		{D721476A-18F6-4514-AEA2-F2055AAEBB97}.Debug|x86.ActiveCfg = Debug|Any CPU
		{D721476A-18F6-4514-AEA2-F2055AAEBB97}.Debug|x86.Build.0 = Debug|Any CPU
		{D721476A-18F6-4514-AEA2-F2055AAEBB97}.Release|Any CPU.ActiveCfg = Release|Any CPU
		{D721476A-18F6-4514-AEA2-F2055AAEBB97}.Release|Any CPU.Build.0 = Release|Any CPU
		{D721476A-18F6-4514-AEA2-F2055AAEBB97}.Release|iPhone.ActiveCfg = Release|Any CPU
		{D721476A-18F6-4514-AEA2-F2055AAEBB97}.Release|iPhone.Build.0 = Release|Any CPU
		{D721476A-18F6-4514-AEA2-F2055AAEBB97}.Release|iPhoneSimulator.ActiveCfg = Release|Any CPU
		{D721476A-18F6-4514-AEA2-F2055AAEBB97}.Release|iPhoneSimulator.Build.0 = Release|Any CPU
		{D721476A-18F6-4514-AEA2-F2055AAEBB97}.Release|Mixed Platforms.ActiveCfg = Release|Any CPU
		{D721476A-18F6-4514-AEA2-F2055AAEBB97}.Release|Mixed Platforms.Build.0 = Release|Any CPU
		{D721476A-18F6-4514-AEA2-F2055AAEBB97}.Release|x86.ActiveCfg = Release|Any CPU
		{D721476A-18F6-4514-AEA2-F2055AAEBB97}.Release|x86.Build.0 = Release|Any CPU
		{DA7337A7-1ABC-40AC-AE42-97B18B856502}.Ad-Hoc|Any CPU.ActiveCfg = AppStore|Any CPU
		{DA7337A7-1ABC-40AC-AE42-97B18B856502}.Ad-Hoc|iPhone.ActiveCfg = Debug|Any CPU
		{DA7337A7-1ABC-40AC-AE42-97B18B856502}.Ad-Hoc|iPhone.Build.0 = Debug|Any CPU
		{DA7337A7-1ABC-40AC-AE42-97B18B856502}.Ad-Hoc|iPhoneSimulator.ActiveCfg = AppStore|Any CPU
		{DA7337A7-1ABC-40AC-AE42-97B18B856502}.Ad-Hoc|Mixed Platforms.ActiveCfg = AppStore|Any CPU
		{DA7337A7-1ABC-40AC-AE42-97B18B856502}.Ad-Hoc|x86.ActiveCfg = AppStore|Any CPU
		{DA7337A7-1ABC-40AC-AE42-97B18B856502}.AppStore|Any CPU.ActiveCfg = AppStore|Any CPU
		{DA7337A7-1ABC-40AC-AE42-97B18B856502}.AppStore|iPhone.ActiveCfg = AppStore|Any CPU
		{DA7337A7-1ABC-40AC-AE42-97B18B856502}.AppStore|iPhone.Build.0 = AppStore|Any CPU
		{DA7337A7-1ABC-40AC-AE42-97B18B856502}.AppStore|iPhoneSimulator.ActiveCfg = AppStore|Any CPU
		{DA7337A7-1ABC-40AC-AE42-97B18B856502}.AppStore|Mixed Platforms.ActiveCfg = AppStore|Any CPU
		{DA7337A7-1ABC-40AC-AE42-97B18B856502}.AppStore|x86.ActiveCfg = AppStore|Any CPU
		{DA7337A7-1ABC-40AC-AE42-97B18B856502}.Debug|Any CPU.ActiveCfg = Debug|Any CPU
		{DA7337A7-1ABC-40AC-AE42-97B18B856502}.Debug|Any CPU.Build.0 = Debug|Any CPU
		{DA7337A7-1ABC-40AC-AE42-97B18B856502}.Debug|iPhone.ActiveCfg = Debug|Any CPU
		{DA7337A7-1ABC-40AC-AE42-97B18B856502}.Debug|iPhone.Build.0 = Debug|Any CPU
		{DA7337A7-1ABC-40AC-AE42-97B18B856502}.Debug|iPhoneSimulator.ActiveCfg = Debug|Any CPU
		{DA7337A7-1ABC-40AC-AE42-97B18B856502}.Debug|iPhoneSimulator.Build.0 = Debug|Any CPU
		{DA7337A7-1ABC-40AC-AE42-97B18B856502}.Debug|Mixed Platforms.ActiveCfg = Debug|Any CPU
		{DA7337A7-1ABC-40AC-AE42-97B18B856502}.Debug|Mixed Platforms.Build.0 = Debug|Any CPU
		{DA7337A7-1ABC-40AC-AE42-97B18B856502}.Debug|x86.ActiveCfg = Debug|Any CPU
		{DA7337A7-1ABC-40AC-AE42-97B18B856502}.Debug|x86.Build.0 = Debug|Any CPU
		{DA7337A7-1ABC-40AC-AE42-97B18B856502}.Release|Any CPU.ActiveCfg = Release|Any CPU
		{DA7337A7-1ABC-40AC-AE42-97B18B856502}.Release|Any CPU.Build.0 = Release|Any CPU
		{DA7337A7-1ABC-40AC-AE42-97B18B856502}.Release|iPhone.ActiveCfg = Release|Any CPU
		{DA7337A7-1ABC-40AC-AE42-97B18B856502}.Release|iPhone.Build.0 = Release|Any CPU
		{DA7337A7-1ABC-40AC-AE42-97B18B856502}.Release|iPhoneSimulator.ActiveCfg = Release|Any CPU
		{DA7337A7-1ABC-40AC-AE42-97B18B856502}.Release|iPhoneSimulator.Build.0 = Release|Any CPU
		{DA7337A7-1ABC-40AC-AE42-97B18B856502}.Release|Mixed Platforms.ActiveCfg = Release|Any CPU
		{DA7337A7-1ABC-40AC-AE42-97B18B856502}.Release|Mixed Platforms.Build.0 = Release|Any CPU
		{DA7337A7-1ABC-40AC-AE42-97B18B856502}.Release|x86.ActiveCfg = Release|Any CPU
		{DA7337A7-1ABC-40AC-AE42-97B18B856502}.Release|x86.Build.0 = Release|Any CPU
		{E92AB5C9-02E1-4703-A3CC-9265F4203D0D}.Ad-Hoc|Any CPU.ActiveCfg = Release|Any CPU
		{E92AB5C9-02E1-4703-A3CC-9265F4203D0D}.Ad-Hoc|Any CPU.Build.0 = Release|Any CPU
		{E92AB5C9-02E1-4703-A3CC-9265F4203D0D}.Ad-Hoc|iPhone.ActiveCfg = Debug|Any CPU
		{E92AB5C9-02E1-4703-A3CC-9265F4203D0D}.Ad-Hoc|iPhone.Build.0 = Debug|Any CPU
		{E92AB5C9-02E1-4703-A3CC-9265F4203D0D}.Ad-Hoc|iPhoneSimulator.ActiveCfg = Release|Any CPU
		{E92AB5C9-02E1-4703-A3CC-9265F4203D0D}.Ad-Hoc|iPhoneSimulator.Build.0 = Release|Any CPU
		{E92AB5C9-02E1-4703-A3CC-9265F4203D0D}.Ad-Hoc|Mixed Platforms.ActiveCfg = Release|Any CPU
		{E92AB5C9-02E1-4703-A3CC-9265F4203D0D}.Ad-Hoc|Mixed Platforms.Build.0 = Release|Any CPU
		{E92AB5C9-02E1-4703-A3CC-9265F4203D0D}.Ad-Hoc|x86.ActiveCfg = Release|Any CPU
		{E92AB5C9-02E1-4703-A3CC-9265F4203D0D}.Ad-Hoc|x86.Build.0 = Release|Any CPU
		{E92AB5C9-02E1-4703-A3CC-9265F4203D0D}.AppStore|Any CPU.ActiveCfg = Release|Any CPU
		{E92AB5C9-02E1-4703-A3CC-9265F4203D0D}.AppStore|Any CPU.Build.0 = Release|Any CPU
		{E92AB5C9-02E1-4703-A3CC-9265F4203D0D}.AppStore|iPhone.ActiveCfg = Debug|Any CPU
		{E92AB5C9-02E1-4703-A3CC-9265F4203D0D}.AppStore|iPhone.Build.0 = Debug|Any CPU
		{E92AB5C9-02E1-4703-A3CC-9265F4203D0D}.AppStore|iPhoneSimulator.ActiveCfg = Release|Any CPU
		{E92AB5C9-02E1-4703-A3CC-9265F4203D0D}.AppStore|iPhoneSimulator.Build.0 = Release|Any CPU
		{E92AB5C9-02E1-4703-A3CC-9265F4203D0D}.AppStore|Mixed Platforms.ActiveCfg = Release|Any CPU
		{E92AB5C9-02E1-4703-A3CC-9265F4203D0D}.AppStore|Mixed Platforms.Build.0 = Release|Any CPU
		{E92AB5C9-02E1-4703-A3CC-9265F4203D0D}.AppStore|x86.ActiveCfg = Release|Any CPU
		{E92AB5C9-02E1-4703-A3CC-9265F4203D0D}.AppStore|x86.Build.0 = Release|Any CPU
		{E92AB5C9-02E1-4703-A3CC-9265F4203D0D}.Debug|Any CPU.ActiveCfg = Debug|Any CPU
		{E92AB5C9-02E1-4703-A3CC-9265F4203D0D}.Debug|Any CPU.Build.0 = Debug|Any CPU
		{E92AB5C9-02E1-4703-A3CC-9265F4203D0D}.Debug|iPhone.ActiveCfg = Debug|Any CPU
		{E92AB5C9-02E1-4703-A3CC-9265F4203D0D}.Debug|iPhone.Build.0 = Debug|Any CPU
		{E92AB5C9-02E1-4703-A3CC-9265F4203D0D}.Debug|iPhoneSimulator.ActiveCfg = Debug|Any CPU
		{E92AB5C9-02E1-4703-A3CC-9265F4203D0D}.Debug|iPhoneSimulator.Build.0 = Debug|Any CPU
		{E92AB5C9-02E1-4703-A3CC-9265F4203D0D}.Debug|Mixed Platforms.ActiveCfg = Debug|Any CPU
		{E92AB5C9-02E1-4703-A3CC-9265F4203D0D}.Debug|Mixed Platforms.Build.0 = Debug|Any CPU
		{E92AB5C9-02E1-4703-A3CC-9265F4203D0D}.Debug|x86.ActiveCfg = Debug|Any CPU
		{E92AB5C9-02E1-4703-A3CC-9265F4203D0D}.Debug|x86.Build.0 = Debug|Any CPU
		{E92AB5C9-02E1-4703-A3CC-9265F4203D0D}.Release|Any CPU.ActiveCfg = Release|Any CPU
		{E92AB5C9-02E1-4703-A3CC-9265F4203D0D}.Release|Any CPU.Build.0 = Release|Any CPU
		{E92AB5C9-02E1-4703-A3CC-9265F4203D0D}.Release|iPhone.ActiveCfg = Release|Any CPU
		{E92AB5C9-02E1-4703-A3CC-9265F4203D0D}.Release|iPhone.Build.0 = Release|Any CPU
		{E92AB5C9-02E1-4703-A3CC-9265F4203D0D}.Release|iPhoneSimulator.ActiveCfg = Release|Any CPU
		{E92AB5C9-02E1-4703-A3CC-9265F4203D0D}.Release|iPhoneSimulator.Build.0 = Release|Any CPU
		{E92AB5C9-02E1-4703-A3CC-9265F4203D0D}.Release|Mixed Platforms.ActiveCfg = Release|Any CPU
		{E92AB5C9-02E1-4703-A3CC-9265F4203D0D}.Release|Mixed Platforms.Build.0 = Release|Any CPU
		{E92AB5C9-02E1-4703-A3CC-9265F4203D0D}.Release|x86.ActiveCfg = Release|Any CPU
		{E92AB5C9-02E1-4703-A3CC-9265F4203D0D}.Release|x86.Build.0 = Release|Any CPU
		{EAD8DE53-451E-41B3-8C6A-B1A5B74DE3DF}.Ad-Hoc|Any CPU.ActiveCfg = Release|x86
		{EAD8DE53-451E-41B3-8C6A-B1A5B74DE3DF}.Ad-Hoc|iPhone.ActiveCfg = Release|x86
		{EAD8DE53-451E-41B3-8C6A-B1A5B74DE3DF}.Ad-Hoc|iPhoneSimulator.ActiveCfg = Release|x86
		{EAD8DE53-451E-41B3-8C6A-B1A5B74DE3DF}.Ad-Hoc|Mixed Platforms.ActiveCfg = Release|x86
		{EAD8DE53-451E-41B3-8C6A-B1A5B74DE3DF}.Ad-Hoc|Mixed Platforms.Build.0 = Release|x86
		{EAD8DE53-451E-41B3-8C6A-B1A5B74DE3DF}.Ad-Hoc|x86.ActiveCfg = Release|x86
		{EAD8DE53-451E-41B3-8C6A-B1A5B74DE3DF}.Ad-Hoc|x86.Build.0 = Release|x86
		{EAD8DE53-451E-41B3-8C6A-B1A5B74DE3DF}.AppStore|Any CPU.ActiveCfg = Release|x86
		{EAD8DE53-451E-41B3-8C6A-B1A5B74DE3DF}.AppStore|iPhone.ActiveCfg = Release|x86
		{EAD8DE53-451E-41B3-8C6A-B1A5B74DE3DF}.AppStore|iPhoneSimulator.ActiveCfg = Release|x86
		{EAD8DE53-451E-41B3-8C6A-B1A5B74DE3DF}.AppStore|Mixed Platforms.ActiveCfg = Release|x86
		{EAD8DE53-451E-41B3-8C6A-B1A5B74DE3DF}.AppStore|Mixed Platforms.Build.0 = Release|x86
		{EAD8DE53-451E-41B3-8C6A-B1A5B74DE3DF}.AppStore|x86.ActiveCfg = Release|x86
		{EAD8DE53-451E-41B3-8C6A-B1A5B74DE3DF}.AppStore|x86.Build.0 = Release|x86
		{EAD8DE53-451E-41B3-8C6A-B1A5B74DE3DF}.Debug|Any CPU.ActiveCfg = Debug|x86
		{EAD8DE53-451E-41B3-8C6A-B1A5B74DE3DF}.Debug|iPhone.ActiveCfg = Debug|x86
		{EAD8DE53-451E-41B3-8C6A-B1A5B74DE3DF}.Debug|iPhoneSimulator.ActiveCfg = Debug|x86
		{EAD8DE53-451E-41B3-8C6A-B1A5B74DE3DF}.Debug|Mixed Platforms.ActiveCfg = Debug|x86
		{EAD8DE53-451E-41B3-8C6A-B1A5B74DE3DF}.Debug|Mixed Platforms.Build.0 = Debug|x86
		{EAD8DE53-451E-41B3-8C6A-B1A5B74DE3DF}.Debug|x86.ActiveCfg = Debug|x86
		{EAD8DE53-451E-41B3-8C6A-B1A5B74DE3DF}.Debug|x86.Build.0 = Debug|x86
		{EAD8DE53-451E-41B3-8C6A-B1A5B74DE3DF}.Release|Any CPU.ActiveCfg = Release|x86
		{EAD8DE53-451E-41B3-8C6A-B1A5B74DE3DF}.Release|iPhone.ActiveCfg = Release|x86
		{EAD8DE53-451E-41B3-8C6A-B1A5B74DE3DF}.Release|iPhoneSimulator.ActiveCfg = Release|x86
		{EAD8DE53-451E-41B3-8C6A-B1A5B74DE3DF}.Release|Mixed Platforms.ActiveCfg = Release|x86
		{EAD8DE53-451E-41B3-8C6A-B1A5B74DE3DF}.Release|Mixed Platforms.Build.0 = Release|x86
		{EAD8DE53-451E-41B3-8C6A-B1A5B74DE3DF}.Release|x86.ActiveCfg = Release|x86
		{EAD8DE53-451E-41B3-8C6A-B1A5B74DE3DF}.Release|x86.Build.0 = Release|x86
	EndGlobalSection
	GlobalSection(MonoDevelopProperties) = preSolution
		StartupItem = HttpMessageBus.EXE.Client.XamarinAndroid.VS\HttpMessageBus.EXE.Client.XamarinAndroid.VS.csproj
	EndGlobalSection
	GlobalSection(SolutionProperties) = preSolution
		HideSolutionNode = FALSE
	EndGlobalSection
EndGlobal
